// !$*UTF8*$!
{
	archiveVersion = 1;
	classes = {
	};
	objectVersion = 55;
	objects = {

/* Begin PBXBuildFile section */
		14A68C0527F076D10087B0DD /* HealthKit.framework in Frameworks */ = {isa = PBXBuildFile; fileRef = 14A68C0427F076D10087B0DD /* HealthKit.framework */; };
		896578BE27EF7A5C00BD3253 /* FirebaseAnalytics in Frameworks */ = {isa = PBXBuildFile; productRef = 896578BD27EF7A5C00BD3253 /* FirebaseAnalytics */; };
		896578C027EF7A5C00BD3253 /* FirebaseAuth in Frameworks */ = {isa = PBXBuildFile; productRef = 896578BF27EF7A5C00BD3253 /* FirebaseAuth */; };
		896578C227EF7A5C00BD3253 /* FirebaseDatabase in Frameworks */ = {isa = PBXBuildFile; productRef = 896578C127EF7A5C00BD3253 /* FirebaseDatabase */; };
		896578C427EF7A5C00BD3253 /* FirebaseFirestore in Frameworks */ = {isa = PBXBuildFile; productRef = 896578C327EF7A5C00BD3253 /* FirebaseFirestore */; };
		896578C627EF7A5C00BD3253 /* FirebaseFunctions in Frameworks */ = {isa = PBXBuildFile; productRef = 896578C527EF7A5C00BD3253 /* FirebaseFunctions */; };
		896578C827EF7A5C00BD3253 /* FirebaseMessaging in Frameworks */ = {isa = PBXBuildFile; productRef = 896578C727EF7A5C00BD3253 /* FirebaseMessaging */; };
		896578CA27EF7A5C00BD3253 /* FirebaseRemoteConfig in Frameworks */ = {isa = PBXBuildFile; productRef = 896578C927EF7A5C00BD3253 /* FirebaseRemoteConfig */; };
		896578CC27EF7A5C00BD3253 /* FirebaseStorage in Frameworks */ = {isa = PBXBuildFile; productRef = 896578CB27EF7A5C00BD3253 /* FirebaseStorage */; };
		896578CE27EF7BE500BD3253 /* GoogleService-Info.plist in Resources */ = {isa = PBXBuildFile; fileRef = 896578CD27EF7BE400BD3253 /* GoogleService-Info.plist */; };
		896578D027EF8FF600BD3253 /* MessageModel.swift in Sources */ = {isa = PBXBuildFile; fileRef = 896578CF27EF8FF600BD3253 /* MessageModel.swift */; };
		89C7294B27EF6903000ED197 /* AppDelegate.swift in Sources */ = {isa = PBXBuildFile; fileRef = 89C7294A27EF6903000ED197 /* AppDelegate.swift */; };
		89C7294D27EF6903000ED197 /* SceneDelegate.swift in Sources */ = {isa = PBXBuildFile; fileRef = 89C7294C27EF6903000ED197 /* SceneDelegate.swift */; };
		89C7294F27EF6903000ED197 /* ViewController.swift in Sources */ = {isa = PBXBuildFile; fileRef = 89C7294E27EF6903000ED197 /* ViewController.swift */; };
		89C7295227EF6903000ED197 /* Main.storyboard in Resources */ = {isa = PBXBuildFile; fileRef = 89C7295027EF6903000ED197 /* Main.storyboard */; };
		89C7295427EF6906000ED197 /* Assets.xcassets in Resources */ = {isa = PBXBuildFile; fileRef = 89C7295327EF6906000ED197 /* Assets.xcassets */; };
		89C7295727EF6906000ED197 /* LaunchScreen.storyboard in Resources */ = {isa = PBXBuildFile; fileRef = 89C7295527EF6906000ED197 /* LaunchScreen.storyboard */; };
/* End PBXBuildFile section */

/* Begin PBXFileReference section */
		14A68C0427F076D10087B0DD /* HealthKit.framework */ = {isa = PBXFileReference; lastKnownFileType = wrapper.framework; name = HealthKit.framework; path = System/Library/Frameworks/HealthKit.framework; sourceTree = SDKROOT; };
		896578CD27EF7BE400BD3253 /* GoogleService-Info.plist */ = {isa = PBXFileReference; fileEncoding = 4; lastKnownFileType = text.plist.xml; path = "GoogleService-Info.plist"; sourceTree = "<group>"; };
		896578CF27EF8FF600BD3253 /* MessageModel.swift */ = {isa = PBXFileReference; lastKnownFileType = sourcecode.swift; path = MessageModel.swift; sourceTree = "<group>"; };
		89C7294727EF6903000ED197 /* Distresser.app */ = {isa = PBXFileReference; explicitFileType = wrapper.application; includeInIndex = 0; path = Distresser.app; sourceTree = BUILT_PRODUCTS_DIR; };
		89C7294A27EF6903000ED197 /* AppDelegate.swift */ = {isa = PBXFileReference; lastKnownFileType = sourcecode.swift; path = AppDelegate.swift; sourceTree = "<group>"; };
		89C7294C27EF6903000ED197 /* SceneDelegate.swift */ = {isa = PBXFileReference; lastKnownFileType = sourcecode.swift; path = SceneDelegate.swift; sourceTree = "<group>"; };
		89C7294E27EF6903000ED197 /* ViewController.swift */ = {isa = PBXFileReference; lastKnownFileType = sourcecode.swift; path = ViewController.swift; sourceTree = "<group>"; };
		89C7295127EF6903000ED197 /* Base */ = {isa = PBXFileReference; lastKnownFileType = file.storyboard; name = Base; path = Base.lproj/Main.storyboard; sourceTree = "<group>"; };
		89C7295327EF6906000ED197 /* Assets.xcassets */ = {isa = PBXFileReference; lastKnownFileType = folder.assetcatalog; path = Assets.xcassets; sourceTree = "<group>"; };
		89C7295627EF6906000ED197 /* Base */ = {isa = PBXFileReference; lastKnownFileType = file.storyboard; name = Base; path = Base.lproj/LaunchScreen.storyboard; sourceTree = "<group>"; };
		89C7295827EF6906000ED197 /* Info.plist */ = {isa = PBXFileReference; lastKnownFileType = text.plist.xml; path = Info.plist; sourceTree = "<group>"; };
		89C7295E27EF6915000ED197 /* Distresser.entitlements */ = {isa = PBXFileReference; lastKnownFileType = text.plist.entitlements; path = Distresser.entitlements; sourceTree = "<group>"; };
/* End PBXFileReference section */

/* Begin PBXFrameworksBuildPhase section */
		89C7294427EF6903000ED197 /* Frameworks */ = {
			isa = PBXFrameworksBuildPhase;
			buildActionMask = 2147483647;
			files = (
				14A68C0527F076D10087B0DD /* HealthKit.framework in Frameworks */,
				896578C827EF7A5C00BD3253 /* FirebaseMessaging in Frameworks */,
				896578C227EF7A5C00BD3253 /* FirebaseDatabase in Frameworks */,
				896578C427EF7A5C00BD3253 /* FirebaseFirestore in Frameworks */,
				896578CA27EF7A5C00BD3253 /* FirebaseRemoteConfig in Frameworks */,
				896578C627EF7A5C00BD3253 /* FirebaseFunctions in Frameworks */,
				896578CC27EF7A5C00BD3253 /* FirebaseStorage in Frameworks */,
				896578BE27EF7A5C00BD3253 /* FirebaseAnalytics in Frameworks */,
				896578C027EF7A5C00BD3253 /* FirebaseAuth in Frameworks */,
			);
			runOnlyForDeploymentPostprocessing = 0;
		};
/* End PBXFrameworksBuildPhase section */

/* Begin PBXGroup section */
		14A68C0327F076D10087B0DD /* Frameworks */ = {
			isa = PBXGroup;
			children = (
				14A68C0427F076D10087B0DD /* HealthKit.framework */,
			);
			name = Frameworks;
			sourceTree = "<group>";
		};
		89C7293E27EF6903000ED197 = {
			isa = PBXGroup;
			children = (
				89C7294927EF6903000ED197 /* Distresser */,
				89C7294827EF6903000ED197 /* Products */,
				14A68C0327F076D10087B0DD /* Frameworks */,
			);
			sourceTree = "<group>";
		};
		89C7294827EF6903000ED197 /* Products */ = {
			isa = PBXGroup;
			children = (
				89C7294727EF6903000ED197 /* Distresser.app */,
			);
			name = Products;
			sourceTree = "<group>";
		};
		89C7294927EF6903000ED197 /* Distresser */ = {
			isa = PBXGroup;
			children = (
				89C7295E27EF6915000ED197 /* Distresser.entitlements */,
				89C7294A27EF6903000ED197 /* AppDelegate.swift */,
				89C7294C27EF6903000ED197 /* SceneDelegate.swift */,
				89C7294E27EF6903000ED197 /* ViewController.swift */,
				896578CF27EF8FF600BD3253 /* MessageModel.swift */,
				89C7295027EF6903000ED197 /* Main.storyboard */,
				89C7295327EF6906000ED197 /* Assets.xcassets */,
				89C7295527EF6906000ED197 /* LaunchScreen.storyboard */,
				89C7295827EF6906000ED197 /* Info.plist */,
				896578CD27EF7BE400BD3253 /* GoogleService-Info.plist */,
			);
			path = Distresser;
			sourceTree = "<group>";
		};
/* End PBXGroup section */

/* Begin PBXNativeTarget section */
		89C7294627EF6903000ED197 /* Distresser */ = {
			isa = PBXNativeTarget;
			buildConfigurationList = 89C7295B27EF6906000ED197 /* Build configuration list for PBXNativeTarget "Distresser" */;
			buildPhases = (
				89C7294327EF6903000ED197 /* Sources */,
				89C7294427EF6903000ED197 /* Frameworks */,
				89C7294527EF6903000ED197 /* Resources */,
			);
			buildRules = (
			);
			dependencies = (
			);
			name = Distresser;
			packageProductDependencies = (
				896578BD27EF7A5C00BD3253 /* FirebaseAnalytics */,
				896578BF27EF7A5C00BD3253 /* FirebaseAuth */,
				896578C127EF7A5C00BD3253 /* FirebaseDatabase */,
				896578C327EF7A5C00BD3253 /* FirebaseFirestore */,
				896578C527EF7A5C00BD3253 /* FirebaseFunctions */,
				896578C727EF7A5C00BD3253 /* FirebaseMessaging */,
				896578C927EF7A5C00BD3253 /* FirebaseRemoteConfig */,
				896578CB27EF7A5C00BD3253 /* FirebaseStorage */,
			);
			productName = Distresser;
			productReference = 89C7294727EF6903000ED197 /* Distresser.app */;
			productType = "com.apple.product-type.application";
		};
/* End PBXNativeTarget section */

/* Begin PBXProject section */
		89C7293F27EF6903000ED197 /* Project object */ = {
			isa = PBXProject;
			attributes = {
				BuildIndependentTargetsInParallel = 1;
				LastSwiftUpdateCheck = 1330;
				LastUpgradeCheck = 1330;
				TargetAttributes = {
					89C7294627EF6903000ED197 = {
						CreatedOnToolsVersion = 13.3;
					};
				};
			};
			buildConfigurationList = 89C7294227EF6903000ED197 /* Build configuration list for PBXProject "Distresser" */;
			compatibilityVersion = "Xcode 13.0";
			developmentRegion = en;
			hasScannedForEncodings = 0;
			knownRegions = (
				en,
				Base,
			);
			mainGroup = 89C7293E27EF6903000ED197;
			packageReferences = (
				896578BC27EF7A5C00BD3253 /* XCRemoteSwiftPackageReference "firebase-ios-sdk" */,
			);
			productRefGroup = 89C7294827EF6903000ED197 /* Products */;
			projectDirPath = "";
			projectRoot = "";
			targets = (
				89C7294627EF6903000ED197 /* Distresser */,
			);
		};
/* End PBXProject section */

/* Begin PBXResourcesBuildPhase section */
		89C7294527EF6903000ED197 /* Resources */ = {
			isa = PBXResourcesBuildPhase;
			buildActionMask = 2147483647;
			files = (
				89C7295727EF6906000ED197 /* LaunchScreen.storyboard in Resources */,
				896578CE27EF7BE500BD3253 /* GoogleService-Info.plist in Resources */,
				89C7295427EF6906000ED197 /* Assets.xcassets in Resources */,
				89C7295227EF6903000ED197 /* Main.storyboard in Resources */,
			);
			runOnlyForDeploymentPostprocessing = 0;
		};
/* End PBXResourcesBuildPhase section */

/* Begin PBXSourcesBuildPhase section */
		89C7294327EF6903000ED197 /* Sources */ = {
			isa = PBXSourcesBuildPhase;
			buildActionMask = 2147483647;
			files = (
				89C7294F27EF6903000ED197 /* ViewController.swift in Sources */,
				89C7294B27EF6903000ED197 /* AppDelegate.swift in Sources */,
				89C7294D27EF6903000ED197 /* SceneDelegate.swift in Sources */,
				896578D027EF8FF600BD3253 /* MessageModel.swift in Sources */,
			);
			runOnlyForDeploymentPostprocessing = 0;
		};
/* End PBXSourcesBuildPhase section */

/* Begin PBXVariantGroup section */
		89C7295027EF6903000ED197 /* Main.storyboard */ = {
			isa = PBXVariantGroup;
			children = (
				89C7295127EF6903000ED197 /* Base */,
			);
			name = Main.storyboard;
			sourceTree = "<group>";
		};
		89C7295527EF6906000ED197 /* LaunchScreen.storyboard */ = {
			isa = PBXVariantGroup;
			children = (
				89C7295627EF6906000ED197 /* Base */,
			);
			name = LaunchScreen.storyboard;
			sourceTree = "<group>";
		};
/* End PBXVariantGroup section */

/* Begin XCBuildConfiguration section */
		89C7295927EF6906000ED197 /* Debug */ = {
			isa = XCBuildConfiguration;
			buildSettings = {
				ALWAYS_SEARCH_USER_PATHS = NO;
				CLANG_ANALYZER_NONNULL = YES;
				CLANG_ANALYZER_NUMBER_OBJECT_CONVERSION = YES_AGGRESSIVE;
				CLANG_CXX_LANGUAGE_STANDARD = "gnu++17";
				CLANG_ENABLE_MODULES = YES;
				CLANG_ENABLE_OBJC_ARC = YES;
				CLANG_ENABLE_OBJC_WEAK = YES;
				CLANG_WARN_BLOCK_CAPTURE_AUTORELEASING = YES;
				CLANG_WARN_BOOL_CONVERSION = YES;
				CLANG_WARN_COMMA = YES;
				CLANG_WARN_CONSTANT_CONVERSION = YES;
				CLANG_WARN_DEPRECATED_OBJC_IMPLEMENTATIONS = YES;
				CLANG_WARN_DIRECT_OBJC_ISA_USAGE = YES_ERROR;
				CLANG_WARN_DOCUMENTATION_COMMENTS = YES;
				CLANG_WARN_EMPTY_BODY = YES;
				CLANG_WARN_ENUM_CONVERSION = YES;
				CLANG_WARN_INFINITE_RECURSION = YES;
				CLANG_WARN_INT_CONVERSION = YES;
				CLANG_WARN_NON_LITERAL_NULL_CONVERSION = YES;
				CLANG_WARN_OBJC_IMPLICIT_RETAIN_SELF = YES;
				CLANG_WARN_OBJC_LITERAL_CONVERSION = YES;
				CLANG_WARN_OBJC_ROOT_CLASS = YES_ERROR;
				CLANG_WARN_QUOTED_INCLUDE_IN_FRAMEWORK_HEADER = YES;
				CLANG_WARN_RANGE_LOOP_ANALYSIS = YES;
				CLANG_WARN_STRICT_PROTOTYPES = YES;
				CLANG_WARN_SUSPICIOUS_MOVE = YES;
				CLANG_WARN_UNGUARDED_AVAILABILITY = YES_AGGRESSIVE;
				CLANG_WARN_UNREACHABLE_CODE = YES;
				CLANG_WARN__DUPLICATE_METHOD_MATCH = YES;
				COPY_PHASE_STRIP = NO;
				DEBUG_INFORMATION_FORMAT = dwarf;
				ENABLE_STRICT_OBJC_MSGSEND = YES;
				ENABLE_TESTABILITY = YES;
				GCC_C_LANGUAGE_STANDARD = gnu11;
				GCC_DYNAMIC_NO_PIC = NO;
				GCC_NO_COMMON_BLOCKS = YES;
				GCC_OPTIMIZATION_LEVEL = 0;
				GCC_PREPROCESSOR_DEFINITIONS = (
					"DEBUG=1",
					"$(inherited)",
				);
				GCC_WARN_64_TO_32_BIT_CONVERSION = YES;
				GCC_WARN_ABOUT_RETURN_TYPE = YES_ERROR;
				GCC_WARN_UNDECLARED_SELECTOR = YES;
				GCC_WARN_UNINITIALIZED_AUTOS = YES_AGGRESSIVE;
				GCC_WARN_UNUSED_FUNCTION = YES;
				GCC_WARN_UNUSED_VARIABLE = YES;
				IPHONEOS_DEPLOYMENT_TARGET = 15.0;
				MTL_ENABLE_DEBUG_INFO = INCLUDE_SOURCE;
				MTL_FAST_MATH = YES;
				ONLY_ACTIVE_ARCH = YES;
				SDKROOT = iphoneos;
				SWIFT_ACTIVE_COMPILATION_CONDITIONS = DEBUG;
				SWIFT_OPTIMIZATION_LEVEL = "-Onone";
			};
			name = Debug;
		};
		89C7295A27EF6906000ED197 /* Release */ = {
			isa = XCBuildConfiguration;
			buildSettings = {
				ALWAYS_SEARCH_USER_PATHS = NO;
				CLANG_ANALYZER_NONNULL = YES;
				CLANG_ANALYZER_NUMBER_OBJECT_CONVERSION = YES_AGGRESSIVE;
				CLANG_CXX_LANGUAGE_STANDARD = "gnu++17";
				CLANG_ENABLE_MODULES = YES;
				CLANG_ENABLE_OBJC_ARC = YES;
				CLANG_ENABLE_OBJC_WEAK = YES;
				CLANG_WARN_BLOCK_CAPTURE_AUTORELEASING = YES;
				CLANG_WARN_BOOL_CONVERSION = YES;
				CLANG_WARN_COMMA = YES;
				CLANG_WARN_CONSTANT_CONVERSION = YES;
				CLANG_WARN_DEPRECATED_OBJC_IMPLEMENTATIONS = YES;
				CLANG_WARN_DIRECT_OBJC_ISA_USAGE = YES_ERROR;
				CLANG_WARN_DOCUMENTATION_COMMENTS = YES;
				CLANG_WARN_EMPTY_BODY = YES;
				CLANG_WARN_ENUM_CONVERSION = YES;
				CLANG_WARN_INFINITE_RECURSION = YES;
				CLANG_WARN_INT_CONVERSION = YES;
				CLANG_WARN_NON_LITERAL_NULL_CONVERSION = YES;
				CLANG_WARN_OBJC_IMPLICIT_RETAIN_SELF = YES;
				CLANG_WARN_OBJC_LITERAL_CONVERSION = YES;
				CLANG_WARN_OBJC_ROOT_CLASS = YES_ERROR;
				CLANG_WARN_QUOTED_INCLUDE_IN_FRAMEWORK_HEADER = YES;
				CLANG_WARN_RANGE_LOOP_ANALYSIS = YES;
				CLANG_WARN_STRICT_PROTOTYPES = YES;
				CLANG_WARN_SUSPICIOUS_MOVE = YES;
				CLANG_WARN_UNGUARDED_AVAILABILITY = YES_AGGRESSIVE;
				CLANG_WARN_UNREACHABLE_CODE = YES;
				CLANG_WARN__DUPLICATE_METHOD_MATCH = YES;
				COPY_PHASE_STRIP = NO;
				DEBUG_INFORMATION_FORMAT = "dwarf-with-dsym";
				ENABLE_NS_ASSERTIONS = NO;
				ENABLE_STRICT_OBJC_MSGSEND = YES;
				GCC_C_LANGUAGE_STANDARD = gnu11;
				GCC_NO_COMMON_BLOCKS = YES;
				GCC_WARN_64_TO_32_BIT_CONVERSION = YES;
				GCC_WARN_ABOUT_RETURN_TYPE = YES_ERROR;
				GCC_WARN_UNDECLARED_SELECTOR = YES;
				GCC_WARN_UNINITIALIZED_AUTOS = YES_AGGRESSIVE;
				GCC_WARN_UNUSED_FUNCTION = YES;
				GCC_WARN_UNUSED_VARIABLE = YES;
				IPHONEOS_DEPLOYMENT_TARGET = 15.0;
				MTL_ENABLE_DEBUG_INFO = NO;
				MTL_FAST_MATH = YES;
				SDKROOT = iphoneos;
				SWIFT_COMPILATION_MODE = wholemodule;
				SWIFT_OPTIMIZATION_LEVEL = "-O";
				VALIDATE_PRODUCT = YES;
			};
			name = Release;
		};
		89C7295C27EF6906000ED197 /* Debug */ = {
			isa = XCBuildConfiguration;
			buildSettings = {
				ASSETCATALOG_COMPILER_APPICON_NAME = AppIcon;
				ASSETCATALOG_COMPILER_GLOBAL_ACCENT_COLOR_NAME = AccentColor;
				CODE_SIGN_ENTITLEMENTS = Distresser/Distresser.entitlements;
				CODE_SIGN_STYLE = Automatic;
				CURRENT_PROJECT_VERSION = 1;
				DEVELOPMENT_TEAM = FL4QSRXV82;
				GENERATE_INFOPLIST_FILE = YES;
				INFOPLIST_FILE = Distresser/Info.plist;
				INFOPLIST_KEY_NSLocationAlwaysAndWhenInUseUsageDescription = "We need your location";
				INFOPLIST_KEY_NSLocationWhenInUseUsageDescription = "We need your location";
				INFOPLIST_KEY_UIApplicationSupportsIndirectInputEvents = YES;
				INFOPLIST_KEY_UILaunchStoryboardName = LaunchScreen;
				INFOPLIST_KEY_UIMainStoryboardFile = Main;
				INFOPLIST_KEY_UISupportedInterfaceOrientations_iPad = "UIInterfaceOrientationPortrait UIInterfaceOrientationPortraitUpsideDown UIInterfaceOrientationLandscapeLeft UIInterfaceOrientationLandscapeRight";
				INFOPLIST_KEY_UISupportedInterfaceOrientations_iPhone = "UIInterfaceOrientationPortrait UIInterfaceOrientationLandscapeLeft UIInterfaceOrientationLandscapeRight";
				LD_RUNPATH_SEARCH_PATHS = (
					"$(inherited)",
					"@executable_path/Frameworks",
				);
				MARKETING_VERSION = 1.0;
				PRODUCT_BUNDLE_IDENTIFIER = deez.mihir.DistresserApp;
				PRODUCT_NAME = "$(TARGET_NAME)";
				SUPPORTS_MACCATALYST = YES;
				SWIFT_EMIT_LOC_STRINGS = YES;
				SWIFT_VERSION = 5.0;
				TARGETED_DEVICE_FAMILY = "1,2";
			};
			name = Debug;
		};
		89C7295D27EF6906000ED197 /* Release */ = {
			isa = XCBuildConfiguration;
			buildSettings = {
				ASSETCATALOG_COMPILER_APPICON_NAME = AppIcon;
				ASSETCATALOG_COMPILER_GLOBAL_ACCENT_COLOR_NAME = AccentColor;
				CODE_SIGN_ENTITLEMENTS = Distresser/Distresser.entitlements;
				CODE_SIGN_STYLE = Automatic;
				CURRENT_PROJECT_VERSION = 1;
				DEVELOPMENT_TEAM = FL4QSRXV82;
				GENERATE_INFOPLIST_FILE = YES;
				INFOPLIST_FILE = Distresser/Info.plist;
				INFOPLIST_KEY_NSLocationAlwaysAndWhenInUseUsageDescription = "We need your location";
				INFOPLIST_KEY_NSLocationWhenInUseUsageDescription = "We need your location";
				INFOPLIST_KEY_UIApplicationSupportsIndirectInputEvents = YES;
				INFOPLIST_KEY_UILaunchStoryboardName = LaunchScreen;
				INFOPLIST_KEY_UIMainStoryboardFile = Main;
				INFOPLIST_KEY_UISupportedInterfaceOrientations_iPad = "UIInterfaceOrientationPortrait UIInterfaceOrientationPortraitUpsideDown UIInterfaceOrientationLandscapeLeft UIInterfaceOrientationLandscapeRight";
				INFOPLIST_KEY_UISupportedInterfaceOrientations_iPhone = "UIInterfaceOrientationPortrait UIInterfaceOrientationLandscapeLeft UIInterfaceOrientationLandscapeRight";
				LD_RUNPATH_SEARCH_PATHS = (
					"$(inherited)",
					"@executable_path/Frameworks",
				);
				MARKETING_VERSION = 1.0;
				PRODUCT_BUNDLE_IDENTIFIER = deez.mihir.DistresserApp;
				PRODUCT_NAME = "$(TARGET_NAME)";
				SUPPORTS_MACCATALYST = YES;
				SWIFT_EMIT_LOC_STRINGS = YES;
				SWIFT_VERSION = 5.0;
				TARGETED_DEVICE_FAMILY = "1,2";
			};
			name = Release;
		};
/* End XCBuildConfiguration section */

/* Begin XCConfigurationList section */
		89C7294227EF6903000ED197 /* Build configuration list for PBXProject "Distresser" */ = {
			isa = XCConfigurationList;
			buildConfigurations = (
				89C7295927EF6906000ED197 /* Debug */,
				89C7295A27EF6906000ED197 /* Release */,
			);
			defaultConfigurationIsVisible = 0;
			defaultConfigurationName = Release;
		};
		89C7295B27EF6906000ED197 /* Build configuration list for PBXNativeTarget "Distresser" */ = {
			isa = XCConfigurationList;
			buildConfigurations = (
				89C7295C27EF6906000ED197 /* Debug */,
				89C7295D27EF6906000ED197 /* Release */,
			);
			defaultConfigurationIsVisible = 0;
			defaultConfigurationName = Release;
		};
/* End XCConfigurationList section */

/* Begin XCRemoteSwiftPackageReference section */
		896578BC27EF7A5C00BD3253 /* XCRemoteSwiftPackageReference "firebase-ios-sdk" */ = {
			isa = XCRemoteSwiftPackageReference;
			repositoryURL = "https://github.com/firebase/firebase-ios-sdk";
			requirement = {
				branch = master;
				kind = branch;
			};
		};
/* End XCRemoteSwiftPackageReference section */

/* Begin XCSwiftPackageProductDependency section */
		896578BD27EF7A5C00BD3253 /* FirebaseAnalytics */ = {
			isa = XCSwiftPackageProductDependency;
			package = 896578BC27EF7A5C00BD3253 /* XCRemoteSwiftPackageReference "firebase-ios-sdk" */;
			productName = FirebaseAnalytics;
		};
		896578BF27EF7A5C00BD3253 /* FirebaseAuth */ = {
			isa = XCSwiftPackageProductDependency;
			package = 896578BC27EF7A5C00BD3253 /* XCRemoteSwiftPackageReference "firebase-ios-sdk" */;
			productName = FirebaseAuth;
		};
		896578C127EF7A5C00BD3253 /* FirebaseDatabase */ = {
			isa = XCSwiftPackageProductDependency;
			package = 896578BC27EF7A5C00BD3253 /* XCRemoteSwiftPackageReference "firebase-ios-sdk" */;
			productName = FirebaseDatabase;
		};
		896578C327EF7A5C00BD3253 /* FirebaseFirestore */ = {
			isa = XCSwiftPackageProductDependency;
			package = 896578BC27EF7A5C00BD3253 /* XCRemoteSwiftPackageReference "firebase-ios-sdk" */;
			productName = FirebaseFirestore;
		};
		896578C527EF7A5C00BD3253 /* FirebaseFunctions */ = {
			isa = XCSwiftPackageProductDependency;
			package = 896578BC27EF7A5C00BD3253 /* XCRemoteSwiftPackageReference "firebase-ios-sdk" */;
			productName = FirebaseFunctions;
		};
		896578C727EF7A5C00BD3253 /* FirebaseMessaging */ = {
			isa = XCSwiftPackageProductDependency;
			package = 896578BC27EF7A5C00BD3253 /* XCRemoteSwiftPackageReference "firebase-ios-sdk" */;
			productName = FirebaseMessaging;
		};
		896578C927EF7A5C00BD3253 /* FirebaseRemoteConfig */ = {
			isa = XCSwiftPackageProductDependency;
			package = 896578BC27EF7A5C00BD3253 /* XCRemoteSwiftPackageReference "firebase-ios-sdk" */;
			productName = FirebaseRemoteConfig;
		};
		896578CB27EF7A5C00BD3253 /* FirebaseStorage */ = {
			isa = XCSwiftPackageProductDependency;
			package = 896578BC27EF7A5C00BD3253 /* XCRemoteSwiftPackageReference "firebase-ios-sdk" */;
			productName = FirebaseStorage;
		};
/* End XCSwiftPackageProductDependency section */
	};
	rootObject = 89C7293F27EF6903000ED197 /* Project object */;
}
